
Microsoft Visual Studio Solution File, Format Version 12.00
# Visual Studio Version 17
VisualStudioVersion = 17.8.34330.188
MinimumVisualStudioVersion = 10.0.40219.1
Project("{FAE04EC0-301F-11D3-BF4B-00C04F79EFBC}") = "InterfaceRankingJogos", "InterfaceRankingJogos\InterfaceRankingJogos.csproj", "{0667AAFC-56C5-47CA-BE68-29F5974BC92F}"
EndProject
Global
	GlobalSection(SolutionConfigurationPlatforms) = preSolution
		Debug|Any CPU = Debug|Any CPU
		Release|Any CPU = Release|Any CPU
	EndGlobalSection
	GlobalSection(ProjectConfigurationPlatforms) = postSolution
		{0667AAFC-56C5-47CA-BE68-29F5974BC92F}.Debug|Any CPU.ActiveCfg = Debug|Any CPU
		{0667AAFC-56C5-47CA-BE68-29F5974BC92F}.Debug|Any CPU.Build.0 = Debug|Any CPU
		{0667AAFC-56C5-47CA-BE68-29F5974BC92F}.Release|Any CPU.ActiveCfg = Release|Any CPU
		{0667AAFC-56C5-47CA-BE68-29F5974BC92F}.Release|Any CPU.Build.0 = Release|Any CPU
	EndGlobalSection
	GlobalSection(SolutionProperties) = preSolution
		HideSolutionNode = FALSE
	EndGlobalSection
	GlobalSection(ExtensibilityGlobals) = postSolution
		SolutionGuid = {963A47A9-B62C-4D88-A3E9-437FEA7C8AD6}
	EndGlobalSection
EndGlobal
